
Microsoft Visual Studio Solution File, Format Version 12.00
# Visual Studio Version 16
VisualStudioVersion = 16.0.32929.386
MinimumVisualStudioVersion = 10.0.40219.1
Project("{8BC9CEB8-8B4A-11D0-8D11-00A0C91BC942}") = "simple_mmorpg_server", "simple_mmorpg_server\simple_mmorpg_server.vcxproj", "{A6CC98AB-0118-460B-ADE1-1ACA4C87C50C}"
EndProject
Global
	GlobalSection(SolutionConfigurationPlatforms) = preSolution
		Debug|x64 = Debug|x64
		Debug|x86 = Debug|x86
		Release|x64 = Release|x64
		Release|x86 = Release|x86
	EndGlobalSection
	GlobalSection(ProjectConfigurationPlatforms) = postSolution
		{A6CC98AB-0118-460B-ADE1-1ACA4C87C50C}.Debug|x64.ActiveCfg = Debug|x64
		{A6CC98AB-0118-460B-ADE1-1ACA4C87C50C}.Debug|x64.Build.0 = Debug|x64
		{A6CC98AB-0118-460B-ADE1-1ACA4C87C50C}.Debug|x86.ActiveCfg = Debug|Win32
		{A6CC98AB-0118-460B-ADE1-1ACA4C87C50C}.Debug|x86.Build.0 = Debug|Win32
		{A6CC98AB-0118-460B-ADE1-1ACA4C87C50C}.Release|x64.ActiveCfg = Release|x64
		{A6CC98AB-0118-460B-ADE1-1ACA4C87C50C}.Release|x64.Build.0 = Release|x64
		{A6CC98AB-0118-460B-ADE1-1ACA4C87C50C}.Release|x86.ActiveCfg = Release|Win32
		{A6CC98AB-0118-460B-ADE1-1ACA4C87C50C}.Release|x86.Build.0 = Release|Win32
	EndGlobalSection
	GlobalSection(SolutionProperties) = preSolution
		HideSolutionNode = FALSE
	EndGlobalSection
	GlobalSection(ExtensibilityGlobals) = postSolution
		SolutionGuid = {5DC273EC-4F16-455D-A95E-0BF4A67180C5}
	EndGlobalSection
EndGlobal
